// !$*UTF8*$!
{
	archiveVersion = 1;
	classes = {
	};
	objectVersion = 46;
	objects = {

/* Begin PBXBuildFile section */
		D77D3D781CA5041E00611EB8 /* main.m in Sources */ = {isa = PBXBuildFile; fileRef = D77D3D771CA5041E00611EB8 /* main.m */; };
		D77D3D7B1CA5041E00611EB8 /* AppDelegate.m in Sources */ = {isa = PBXBuildFile; fileRef = D77D3D7A1CA5041E00611EB8 /* AppDelegate.m */; };
		D77D3D7E1CA5041E00611EB8 /* ViewController.m in Sources */ = {isa = PBXBuildFile; fileRef = D77D3D7D1CA5041E00611EB8 /* ViewController.m */; };
		D77D3D811CA5041E00611EB8 /* Main.storyboard in Resources */ = {isa = PBXBuildFile; fileRef = D77D3D7F1CA5041E00611EB8 /* Main.storyboard */; };
		D77D3D831CA5041E00611EB8 /* Assets.xcassets in Resources */ = {isa = PBXBuildFile; fileRef = D77D3D821CA5041E00611EB8 /* Assets.xcassets */; };
		D77D3D861CA5041E00611EB8 /* LaunchScreen.storyboard in Resources */ = {isa = PBXBuildFile; fileRef = D77D3D841CA5041E00611EB8 /* LaunchScreen.storyboard */; };
		D77D3D911CA5041E00611EB8 /* TestCustomTabBarTests.m in Sources */ = {isa = PBXBuildFile; fileRef = D77D3D901CA5041E00611EB8 /* TestCustomTabBarTests.m */; };
		D77D3D9C1CA5041E00611EB8 /* TestCustomTabBarUITests.m in Sources */ = {isa = PBXBuildFile; fileRef = D77D3D9B1CA5041E00611EB8 /* TestCustomTabBarUITests.m */; };
/* End PBXBuildFile section */

/* Begin PBXContainerItemProxy section */
		D77D3D8D1CA5041E00611EB8 /* PBXContainerItemProxy */ = {
			isa = PBXContainerItemProxy;
			containerPortal = D77D3D6B1CA5041E00611EB8 /* Project object */;
			proxyType = 1;
			remoteGlobalIDString = D77D3D721CA5041E00611EB8;
			remoteInfo = TestCustomTabBar;
		};
		D77D3D981CA5041E00611EB8 /* PBXContainerItemProxy */ = {
			isa = PBXContainerItemProxy;
			containerPortal = D77D3D6B1CA5041E00611EB8 /* Project object */;
			proxyType = 1;
			remoteGlobalIDString = D77D3D721CA5041E00611EB8;
			remoteInfo = TestCustomTabBar;
		};
/* End PBXContainerItemProxy section */

/* Begin PBXFileReference section */
		D77D3D731CA5041E00611EB8 /* TestCustomTabBar.app */ = {isa = PBXFileReference; explicitFileType = wrapper.application; includeInIndex = 0; path = TestCustomTabBar.app; sourceTree = BUILT_PRODUCTS_DIR; };
		D77D3D771CA5041E00611EB8 /* main.m */ = {isa = PBXFileReference; lastKnownFileType = sourcecode.c.objc; path = main.m; sourceTree = "<group>"; };
		D77D3D791CA5041E00611EB8 /* AppDelegate.h */ = {isa = PBXFileReference; lastKnownFileType = sourcecode.c.h; path = AppDelegate.h; sourceTree = "<group>"; };
		D77D3D7A1CA5041E00611EB8 /* AppDelegate.m */ = {isa = PBXFileReference; lastKnownFileType = sourcecode.c.objc; path = AppDelegate.m; sourceTree = "<group>"; };
		D77D3D7C1CA5041E00611EB8 /* ViewController.h */ = {isa = PBXFileReference; lastKnownFileType = sourcecode.c.h; path = ViewController.h; sourceTree = "<group>"; };
		D77D3D7D1CA5041E00611EB8 /* ViewController.m */ = {isa = PBXFileReference; lastKnownFileType = sourcecode.c.objc; path = ViewController.m; sourceTree = "<group>"; };
		D77D3D801CA5041E00611EB8 /* Base */ = {isa = PBXFileReference; lastKnownFileType = file.storyboard; name = Base; path = Base.lproj/Main.storyboard; sourceTree = "<group>"; };
		D77D3D821CA5041E00611EB8 /* Assets.xcassets */ = {isa = PBXFileReference; lastKnownFileType = folder.assetcatalog; path = Assets.xcassets; sourceTree = "<group>"; };
		D77D3D851CA5041E00611EB8 /* Base */ = {isa = PBXFileReference; lastKnownFileType = file.storyboard; name = Base; path = Base.lproj/LaunchScreen.storyboard; sourceTree = "<group>"; };
		D77D3D871CA5041E00611EB8 /* Info.plist */ = {isa = PBXFileReference; lastKnownFileType = text.plist.xml; path = Info.plist; sourceTree = "<group>"; };
		D77D3D8C1CA5041E00611EB8 /* TestCustomTabBarTests.xctest */ = {isa = PBXFileReference; explicitFileType = wrapper.cfbundle; includeInIndex = 0; path = TestCustomTabBarTests.xctest; sourceTree = BUILT_PRODUCTS_DIR; };
		D77D3D901CA5041E00611EB8 /* TestCustomTabBarTests.m */ = {isa = PBXFileReference; lastKnownFileType = sourcecode.c.objc; path = TestCustomTabBarTests.m; sourceTree = "<group>"; };
		D77D3D921CA5041E00611EB8 /* Info.plist */ = {isa = PBXFileReference; lastKnownFileType = text.plist.xml; path = Info.plist; sourceTree = "<group>"; };
		D77D3D971CA5041E00611EB8 /* TestCustomTabBarUITests.xctest */ = {isa = PBXFileReference; explicitFileType = wrapper.cfbundle; includeInIndex = 0; path = TestCustomTabBarUITests.xctest; sourceTree = BUILT_PRODUCTS_DIR; };
		D77D3D9B1CA5041E00611EB8 /* TestCustomTabBarUITests.m */ = {isa = PBXFileReference; lastKnownFileType = sourcecode.c.objc; path = TestCustomTabBarUITests.m; sourceTree = "<group>"; };
		D77D3D9D1CA5041E00611EB8 /* Info.plist */ = {isa = PBXFileReference; lastKnownFileType = text.plist.xml; path = Info.plist; sourceTree = "<group>"; };
/* End PBXFileReference section */

/* Begin PBXFrameworksBuildPhase section */
		D77D3D701CA5041E00611EB8 /* Frameworks */ = {
			isa = PBXFrameworksBuildPhase;
			buildActionMask = 2147483647;
			files = (
			);
			runOnlyForDeploymentPostprocessing = 0;
		};
		D77D3D891CA5041E00611EB8 /* Frameworks */ = {
			isa = PBXFrameworksBuildPhase;
			buildActionMask = 2147483647;
			files = (
			);
			runOnlyForDeploymentPostprocessing = 0;
		};
		D77D3D941CA5041E00611EB8 /* Frameworks */ = {
			isa = PBXFrameworksBuildPhase;
			buildActionMask = 2147483647;
			files = (
			);
			runOnlyForDeploymentPostprocessing = 0;
		};
/* End PBXFrameworksBuildPhase section */

/* Begin PBXGroup section */
		D77D3D6A1CA5041E00611EB8 = {
			isa = PBXGroup;
			children = (
				D77D3D751CA5041E00611EB8 /* TestCustomTabBar */,
				D77D3D8F1CA5041E00611EB8 /* TestCustomTabBarTests */,
				D77D3D9A1CA5041E00611EB8 /* TestCustomTabBarUITests */,
				D77D3D741CA5041E00611EB8 /* Products */,
			);
			sourceTree = "<group>";
		};
		D77D3D741CA5041E00611EB8 /* Products */ = {
			isa = PBXGroup;
			children = (
				D77D3D731CA5041E00611EB8 /* TestCustomTabBar.app */,
				D77D3D8C1CA5041E00611EB8 /* TestCustomTabBarTests.xctest */,
				D77D3D971CA5041E00611EB8 /* TestCustomTabBarUITests.xctest */,
			);
			name = Products;
			sourceTree = "<group>";
		};
		D77D3D751CA5041E00611EB8 /* TestCustomTabBar */ = {
			isa = PBXGroup;
			children = (
				D77D3D791CA5041E00611EB8 /* AppDelegate.h */,
				D77D3D7A1CA5041E00611EB8 /* AppDelegate.m */,
				D77D3D7C1CA5041E00611EB8 /* ViewController.h */,
				D77D3D7D1CA5041E00611EB8 /* ViewController.m */,
				D77D3D7F1CA5041E00611EB8 /* Main.storyboard */,
				D77D3D821CA5041E00611EB8 /* Assets.xcassets */,
				D77D3D841CA5041E00611EB8 /* LaunchScreen.storyboard */,
				D77D3D871CA5041E00611EB8 /* Info.plist */,
				D77D3D761CA5041E00611EB8 /* Supporting Files */,
			);
			path = TestCustomTabBar;
			sourceTree = "<group>";
		};
		D77D3D761CA5041E00611EB8 /* Supporting Files */ = {
			isa = PBXGroup;
			children = (
				D77D3D771CA5041E00611EB8 /* main.m */,
			);
			name = "Supporting Files";
			sourceTree = "<group>";
		};
		D77D3D8F1CA5041E00611EB8 /* TestCustomTabBarTests */ = {
			isa = PBXGroup;
			children = (
				D77D3D901CA5041E00611EB8 /* TestCustomTabBarTests.m */,
				D77D3D921CA5041E00611EB8 /* Info.plist */,
			);
			path = TestCustomTabBarTests;
			sourceTree = "<group>";
		};
		D77D3D9A1CA5041E00611EB8 /* TestCustomTabBarUITests */ = {
			isa = PBXGroup;
			children = (
				D77D3D9B1CA5041E00611EB8 /* TestCustomTabBarUITests.m */,
				D77D3D9D1CA5041E00611EB8 /* Info.plist */,
			);
			path = TestCustomTabBarUITests;
			sourceTree = "<group>";
		};
/* End PBXGroup section */

/* Begin PBXNativeTarget section */
		D77D3D721CA5041E00611EB8 /* TestCustomTabBar */ = {
			isa = PBXNativeTarget;
			buildConfigurationList = D77D3DA01CA5041E00611EB8 /* Build configuration list for PBXNativeTarget "TestCustomTabBar" */;
			buildPhases = (
				D77D3D6F1CA5041E00611EB8 /* Sources */,
				D77D3D701CA5041E00611EB8 /* Frameworks */,
				D77D3D711CA5041E00611EB8 /* Resources */,
			);
			buildRules = (
			);
			dependencies = (
			);
			name = TestCustomTabBar;
			productName = TestCustomTabBar;
			productReference = D77D3D731CA5041E00611EB8 /* TestCustomTabBar.app */;
			productType = "com.apple.product-type.application";
		};
		D77D3D8B1CA5041E00611EB8 /* TestCustomTabBarTests */ = {
			isa = PBXNativeTarget;
			buildConfigurationList = D77D3DA31CA5041E00611EB8 /* Build configuration list for PBXNativeTarget "TestCustomTabBarTests" */;
			buildPhases = (
				D77D3D881CA5041E00611EB8 /* Sources */,
				D77D3D891CA5041E00611EB8 /* Frameworks */,
				D77D3D8A1CA5041E00611EB8 /* Resources */,
			);
			buildRules = (
			);
			dependencies = (
				D77D3D8E1CA5041E00611EB8 /* PBXTargetDependency */,
			);
			name = TestCustomTabBarTests;
			productName = TestCustomTabBarTests;
			productReference = D77D3D8C1CA5041E00611EB8 /* TestCustomTabBarTests.xctest */;
			productType = "com.apple.product-type.bundle.unit-test";
		};
		D77D3D961CA5041E00611EB8 /* TestCustomTabBarUITests */ = {
			isa = PBXNativeTarget;
			buildConfigurationList = D77D3DA61CA5041E00611EB8 /* Build configuration list for PBXNativeTarget "TestCustomTabBarUITests" */;
			buildPhases = (
				D77D3D931CA5041E00611EB8 /* Sources */,
				D77D3D941CA5041E00611EB8 /* Frameworks */,
				D77D3D951CA5041E00611EB8 /* Resources */,
			);
			buildRules = (
			);
			dependencies = (
				D77D3D991CA5041E00611EB8 /* PBXTargetDependency */,
			);
			name = TestCustomTabBarUITests;
			productName = TestCustomTabBarUITests;
			productReference = D77D3D971CA5041E00611EB8 /* TestCustomTabBarUITests.xctest */;
			productType = "com.apple.product-type.bundle.ui-testing";
		};
/* End PBXNativeTarget section */

/* Begin PBXProject section */
		D77D3D6B1CA5041E00611EB8 /* Project object */ = {
			isa = PBXProject;
			attributes = {
				LastUpgradeCheck = 0720;
				ORGANIZATIONNAME = LeiXu;
				TargetAttributes = {
					D77D3D721CA5041E00611EB8 = {
						CreatedOnToolsVersion = 7.2;
					};
					D77D3D8B1CA5041E00611EB8 = {
						CreatedOnToolsVersion = 7.2;
						TestTargetID = D77D3D721CA5041E00611EB8;
					};
					D77D3D961CA5041E00611EB8 = {
						CreatedOnToolsVersion = 7.2;
						TestTargetID = D77D3D721CA5041E00611EB8;
					};
				};
			};
			buildConfigurationList = D77D3D6E1CA5041E00611EB8 /* Build configuration list for PBXProject "TestCustomTabBar" */;
			compatibilityVersion = "Xcode 3.2";
			developmentRegion = English;
			hasScannedForEncodings = 0;
			knownRegions = (
				en,
				Base,
			);
			mainGroup = D77D3D6A1CA5041E00611EB8;
			productRefGroup = D77D3D741CA5041E00611EB8 /* Products */;
			projectDirPath = "";
			projectRoot = "";
			targets = (
				D77D3D721CA5041E00611EB8 /* TestCustomTabBar */,
				D77D3D8B1CA5041E00611EB8 /* TestCustomTabBarTests */,
				D77D3D961CA5041E00611EB8 /* TestCustomTabBarUITests */,
			);
		};
/* End PBXProject section */

/* Begin PBXResourcesBuildPhase section */
		D77D3D711CA5041E00611EB8 /* Resources */ = {
			isa = PBXResourcesBuildPhase;
			buildActionMask = 2147483647;
			files = (
				D77D3D861CA5041E00611EB8 /* LaunchScreen.storyboard in Resources */,
				D77D3D831CA5041E00611EB8 /* Assets.xcassets in Resources */,
				D77D3D811CA5041E00611EB8 /* Main.storyboard in Resources */,
			);
			runOnlyForDeploymentPostprocessing = 0;
		};
		D77D3D8A1CA5041E00611EB8 /* Resources */ = {
			isa = PBXResourcesBuildPhase;
			buildActionMask = 2147483647;
			files = (
			);
			runOnlyForDeploymentPostprocessing = 0;
		};
		D77D3D951CA5041E00611EB8 /* Resources */ = {
			isa = PBXResourcesBuildPhase;
			buildActionMask = 2147483647;
			files = (
			);
			runOnlyForDeploymentPostprocessing = 0;
		};
/* End PBXResourcesBuildPhase section */

/* Begin PBXSourcesBuildPhase section */
		D77D3D6F1CA5041E00611EB8 /* Sources */ = {
			isa = PBXSourcesBuildPhase;
			buildActionMask = 2147483647;
			files = (
				D77D3D7E1CA5041E00611EB8 /* ViewController.m in Sources */,
				D77D3D7B1CA5041E00611EB8 /* AppDelegate.m in Sources */,
				D77D3D781CA5041E00611EB8 /* main.m in Sources */,
			);
			runOnlyForDeploymentPostprocessing = 0;
		};
		D77D3D881CA5041E00611EB8 /* Sources */ = {
			isa = PBXSourcesBuildPhase;
			buildActionMask = 2147483647;
			files = (
				D77D3D911CA5041E00611EB8 /* TestCustomTabBarTests.m in Sources */,
			);
			runOnlyForDeploymentPostprocessing = 0;
		};
		D77D3D931CA5041E00611EB8 /* Sources */ = {
			isa = PBXSourcesBuildPhase;
			buildActionMask = 2147483647;
			files = (
				D77D3D9C1CA5041E00611EB8 /* TestCustomTabBarUITests.m in Sources */,
			);
			runOnlyForDeploymentPostprocessing = 0;
		};
/* End PBXSourcesBuildPhase section */

/* Begin PBXTargetDependency section */
		D77D3D8E1CA5041E00611EB8 /* PBXTargetDependency */ = {
			isa = PBXTargetDependency;
			target = D77D3D721CA5041E00611EB8 /* TestCustomTabBar */;
			targetProxy = D77D3D8D1CA5041E00611EB8 /* PBXContainerItemProxy */;
		};
		D77D3D991CA5041E00611EB8 /* PBXTargetDependency */ = {
			isa = PBXTargetDependency;
			target = D77D3D721CA5041E00611EB8 /* TestCustomTabBar */;
			targetProxy = D77D3D981CA5041E00611EB8 /* PBXContainerItemProxy */;
		};
/* End PBXTargetDependency section */

/* Begin PBXVariantGroup section */
		D77D3D7F1CA5041E00611EB8 /* Main.storyboard */ = {
			isa = PBXVariantGroup;
			children = (
				D77D3D801CA5041E00611EB8 /* Base */,
			);
			name = Main.storyboard;
			sourceTree = "<group>";
		};
		D77D3D841CA5041E00611EB8 /* LaunchScreen.storyboard */ = {
			isa = PBXVariantGroup;
			children = (
				D77D3D851CA5041E00611EB8 /* Base */,
			);
			name = LaunchScreen.storyboard;
			sourceTree = "<group>";
		};
/* End PBXVariantGroup section */

/* Begin XCBuildConfiguration section */
		D77D3D9E1CA5041E00611EB8 /* Debug */ = {
			isa = XCBuildConfiguration;
			buildSettings = {
				ALWAYS_SEARCH_USER_PATHS = NO;
				CLANG_CXX_LANGUAGE_STANDARD = "gnu++0x";
				CLANG_CXX_LIBRARY = "libc++";
				CLANG_ENABLE_MODULES = YES;
				CLANG_ENABLE_OBJC_ARC = YES;
				CLANG_WARN_BOOL_CONVERSION = YES;
				CLANG_WARN_CONSTANT_CONVERSION = YES;
				CLANG_WARN_DIRECT_OBJC_ISA_USAGE = YES_ERROR;
				CLANG_WARN_EMPTY_BODY = YES;
				CLANG_WARN_ENUM_CONVERSION = YES;
				CLANG_WARN_INT_CONVERSION = YES;
				CLANG_WARN_OBJC_ROOT_CLASS = YES_ERROR;
				CLANG_WARN_UNREACHABLE_CODE = YES;
				CLANG_WARN__DUPLICATE_METHOD_MATCH = YES;
				"CODE_SIGN_IDENTITY[sdk=iphoneos*]" = "iPhone Developer";
				COPY_PHASE_STRIP = NO;
				DEBUG_INFORMATION_FORMAT = dwarf;
				ENABLE_STRICT_OBJC_MSGSEND = YES;
				ENABLE_TESTABILITY = YES;
				GCC_C_LANGUAGE_STANDARD = gnu99;
				GCC_DYNAMIC_NO_PIC = NO;
				GCC_NO_COMMON_BLOCKS = YES;
				GCC_OPTIMIZATION_LEVEL = 0;
				GCC_PREPROCESSOR_DEFINITIONS = (
					"DEBUG=1",
					"$(inherited)",
				);
				GCC_WARN_64_TO_32_BIT_CONVERSION = YES;
				GCC_WARN_ABOUT_RETURN_TYPE = YES_ERROR;
				GCC_WARN_UNDECLARED_SELECTOR = YES;
				GCC_WARN_UNINITIALIZED_AUTOS = YES_AGGRESSIVE;
				GCC_WARN_UNUSED_FUNCTION = YES;
				GCC_WARN_UNUSED_VARIABLE = YES;
				IPHONEOS_DEPLOYMENT_TARGET = 9.2;
				MTL_ENABLE_DEBUG_INFO = YES;
				ONLY_ACTIVE_ARCH = YES;
				SDKROOT = iphoneos;
			};
			name = Debug;
		};
		D77D3D9F1CA5041E00611EB8 /* Release */ = {
			isa = XCBuildConfiguration;
			buildSettings = {
				ALWAYS_SEARCH_USER_PATHS = NO;
				CLANG_CXX_LANGUAGE_STANDARD = "gnu++0x";
				CLANG_CXX_LIBRARY = "libc++";
				CLANG_ENABLE_MODULES = YES;
				CLANG_ENABLE_OBJC_ARC = YES;
				CLANG_WARN_BOOL_CONVERSION = YES;
				CLANG_WARN_CONSTANT_CONVERSION = YES;
				CLANG_WARN_DIRECT_OBJC_ISA_USAGE = YES_ERROR;
				CLANG_WARN_EMPTY_BODY = YES;
				CLANG_WARN_ENUM_CONVERSION = YES;
				CLANG_WARN_INT_CONVERSION = YES;
				CLANG_WARN_OBJC_ROOT_CLASS = YES_ERROR;
				CLANG_WARN_UNREACHABLE_CODE = YES;
				CLANG_WARN__DUPLICATE_METHOD_MATCH = YES;
				"CODE_SIGN_IDENTITY[sdk=iphoneos*]" = "iPhone Developer";
				COPY_PHASE_STRIP = NO;
				DEBUG_INFORMATION_FORMAT = "dwarf-with-dsym";
				ENABLE_NS_ASSERTIONS = NO;
				ENABLE_STRICT_OBJC_MSGSEND = YES;
				GCC_C_LANGUAGE_STANDARD = gnu99;
				GCC_NO_COMMON_BLOCKS = YES;
				GCC_WARN_64_TO_32_BIT_CONVERSION = YES;
				GCC_WARN_ABOUT_RETURN_TYPE = YES_ERROR;
				GCC_WARN_UNDECLARED_SELECTOR = YES;
				GCC_WARN_UNINITIALIZED_AUTOS = YES_AGGRESSIVE;
				GCC_WARN_UNUSED_FUNCTION = YES;
				GCC_WARN_UNUSED_VARIABLE = YES;
				IPHONEOS_DEPLOYMENT_TARGET = 9.2;
				MTL_ENABLE_DEBUG_INFO = NO;
				SDKROOT = iphoneos;
				VALIDATE_PRODUCT = YES;
			};
			name = Release;
		};
		D77D3DA11CA5041E00611EB8 /* Debug */ = {
			isa = XCBuildConfiguration;
			buildSettings = {
				ASSETCATALOG_COMPILER_APPICON_NAME = AppIcon;
				INFOPLIST_FILE = TestCustomTabBar/Info.plist;
				LD_RUNPATH_SEARCH_PATHS = "$(inherited) @executable_path/Frameworks";
				PRODUCT_BUNDLE_IDENTIFIER = LeiXu.TestCustomTabBar;
				PRODUCT_NAME = "$(TARGET_NAME)";
			};
			name = Debug;
		};
		D77D3DA21CA5041E00611EB8 /* Release */ = {
			isa = XCBuildConfiguration;
			buildSettings = {
				ASSETCATALOG_COMPILER_APPICON_NAME = AppIcon;
				INFOPLIST_FILE = TestCustomTabBar/Info.plist;
				LD_RUNPATH_SEARCH_PATHS = "$(inherited) @executable_path/Frameworks";
				PRODUCT_BUNDLE_IDENTIFIER = LeiXu.TestCustomTabBar;
				PRODUCT_NAME = "$(TARGET_NAME)";
			};
			name = Release;
		};
		D77D3DA41CA5041E00611EB8 /* Debug */ = {
			isa = XCBuildConfiguration;
			buildSettings = {
				BUNDLE_LOADER = "$(TEST_HOST)";
				INFOPLIST_FILE = TestCustomTabBarTests/Info.plist;
				LD_RUNPATH_SEARCH_PATHS = "$(inherited) @executable_path/Frameworks @loader_path/Frameworks";
				PRODUCT_BUNDLE_IDENTIFIER = LeiXu.TestCustomTabBarTests;
				PRODUCT_NAME = "$(TARGET_NAME)";
				TEST_HOST = "$(BUILT_PRODUCTS_DIR)/TestCustomTabBar.app/TestCustomTabBar";
			};
			name = Debug;
		};
		D77D3DA51CA5041E00611EB8 /* Release */ = {
			isa = XCBuildConfiguration;
			buildSettings = {
				BUNDLE_LOADER = "$(TEST_HOST)";
				INFOPLIST_FILE = TestCustomTabBarTests/Info.plist;
				LD_RUNPATH_SEARCH_PATHS = "$(inherited) @executable_path/Frameworks @loader_path/Frameworks";
				PRODUCT_BUNDLE_IDENTIFIER = LeiXu.TestCustomTabBarTests;
				PRODUCT_NAME = "$(TARGET_NAME)";
				TEST_HOST = "$(BUILT_PRODUCTS_DIR)/TestCustomTabBar.app/TestCustomTabBar";
			};
			name = Release;
		};
		D77D3DA71CA5041E00611EB8 /* Debug */ = {
			isa = XCBuildConfiguration;
			buildSettings = {
				INFOPLIST_FILE = TestCustomTabBarUITests/Info.plist;
				LD_RUNPATH_SEARCH_PATHS = "$(inherited) @executable_path/Frameworks @loader_path/Frameworks";
				PRODUCT_BUNDLE_IDENTIFIER = LeiXu.TestCustomTabBarUITests;
				PRODUCT_NAME = "$(TARGET_NAME)";
				TEST_TARGET_NAME = TestCustomTabBar;
				USES_XCTRUNNER = YES;
			};
			name = Debug;
		};
		D77D3DA81CA5041E00611EB8 /* Release */ = {
			isa = XCBuildConfiguration;
			buildSettings = {
				INFOPLIST_FILE = TestCustomTabBarUITests/Info.plist;
				LD_RUNPATH_SEARCH_PATHS = "$(inherited) @executable_path/Frameworks @loader_path/Frameworks";
				PRODUCT_BUNDLE_IDENTIFIER = LeiXu.TestCustomTabBarUITests;
				PRODUCT_NAME = "$(TARGET_NAME)";
				TEST_TARGET_NAME = TestCustomTabBar;
				USES_XCTRUNNER = YES;
			};
			name = Release;
		};
/* End XCBuildConfiguration section */

/* Begin XCConfigurationList section */
		D77D3D6E1CA5041E00611EB8 /* Build configuration list for PBXProject "TestCustomTabBar" */ = {
			isa = XCConfigurationList;
			buildConfigurations = (
				D77D3D9E1CA5041E00611EB8 /* Debug */,
				D77D3D9F1CA5041E00611EB8 /* Release */,
			);
			defaultConfigurationIsVisible = 0;
			defaultConfigurationName = Release;
		};
		D77D3DA01CA5041E00611EB8 /* Build configuration list for PBXNativeTarget "TestCustomTabBar" */ = {
			isa = XCConfigurationList;
			buildConfigurations = (
				D77D3DA11CA5041E00611EB8 /* Debug */,
				D77D3DA21CA5041E00611EB8 /* Release */,
			);
			defaultConfigurationIsVisible = 0;
		};
		D77D3DA31CA5041E00611EB8 /* Build configuration list for PBXNativeTarget "TestCustomTabBarTests" */ = {
			isa = XCConfigurationList;
			buildConfigurations = (
				D77D3DA41CA5041E00611EB8 /* Debug */,
				D77D3DA51CA5041E00611EB8 /* Release */,
			);
			defaultConfigurationIsVisible = 0;
		};
		D77D3DA61CA5041E00611EB8 /* Build configuration list for PBXNativeTarget "TestCustomTabBarUITests" */ = {
			isa = XCConfigurationList;
			buildConfigurations = (
				D77D3DA71CA5041E00611EB8 /* Debug */,
				D77D3DA81CA5041E00611EB8 /* Release */,
			);
			defaultConfigurationIsVisible = 0;
		};
/* End XCConfigurationList section */
	};
	rootObject = D77D3D6B1CA5041E00611EB8 /* Project object */;
}
